
Microsoft Visual Studio Solution File, Format Version 12.00
# Visual Studio Version 17
VisualStudioVersion = 17.7.34009.444
MinimumVisualStudioVersion = 10.0.40219.1
Project("{FAE04EC0-301F-11D3-BF4B-00C04F79EFBC}") = "Calculadora", "Calculadora\Calculadora.csproj", "{8107E303-FE9C-4669-AFEC-62189F8C14CA}"
EndProject
Global
	GlobalSection(SolutionConfigurationPlatforms) = preSolution
		Debug|Any CPU = Debug|Any CPU
		Release|Any CPU = Release|Any CPU
	EndGlobalSection
	GlobalSection(ProjectConfigurationPlatforms) = postSolution
		{8107E303-FE9C-4669-AFEC-62189F8C14CA}.Debug|Any CPU.ActiveCfg = Debug|Any CPU
		{8107E303-FE9C-4669-AFEC-62189F8C14CA}.Debug|Any CPU.Build.0 = Debug|Any CPU
		{8107E303-FE9C-4669-AFEC-62189F8C14CA}.Release|Any CPU.ActiveCfg = Release|Any CPU
		{8107E303-FE9C-4669-AFEC-62189F8C14CA}.Release|Any CPU.Build.0 = Release|Any CPU
	EndGlobalSection
	GlobalSection(SolutionProperties) = preSolution
		HideSolutionNode = FALSE
	EndGlobalSection
	GlobalSection(ExtensibilityGlobals) = postSolution
		SolutionGuid = {27557CE7-31DE-4BE9-8680-CC04B94E3D3A}
	EndGlobalSection
EndGlobal
